
Microsoft Visual Studio Solution File, Format Version 12.00
# Visual Studio Version 17
VisualStudioVersion = 17.0.31903.59
MinimumVisualStudioVersion = 10.0.40219.1
Project("{2150E333-8FDC-42A3-9474-1A3956D46DE8}") = "src", "src", "{827E0CD3-B72D-47B6-A68D-7590B98EB39B}"
EndProject
Project("{FAE04EC0-301F-11D3-BF4B-00C04F79EFBC}") = "ZimMarket.Domain", "src\ZimMarket.Domain\ZimMarket.Domain.csproj", "{49E2EE4F-4016-48D5-B68F-51881B83834B}"
EndProject
Project("{FAE04EC0-301F-11D3-BF4B-00C04F79EFBC}") = "ZimMarket.Application", "src\ZimMarket.Application\ZimMarket.Application.csproj", "{B15E3251-2549-4E9C-9B7A-54CED45176D0}"
EndProject
Project("{FAE04EC0-301F-11D3-BF4B-00C04F79EFBC}") = "ZimMarket.Infrastructure", "src\ZimMarket.Infrastructure\ZimMarket.Infrastructure.csproj", "{0A304543-ACDA-4111-8FDB-C85E1E7A2EC4}"
EndProject
Project("{FAE04EC0-301F-11D3-BF4B-00C04F79EFBC}") = "ZimMarket.Shared", "src\ZimMarket.Shared\ZimMarket.Shared.csproj", "{42EB9515-17E1-4526-A76D-F0978A597725}"
EndProject
Project("{FAE04EC0-301F-11D3-BF4B-00C04F79EFBC}") = "ZimMarket.API", "src\ZimMarket.API\ZimMarket.API.csproj", "{08A1CB0D-E4CF-4C6E-A968-468933634EBC}"
EndProject
Project("{2150E333-8FDC-42A3-9474-1A3956D46DE8}") = "tests", "tests", "{0AB3BF05-4346-4AA6-1389-037BE0695223}"
EndProject
Project("{FAE04EC0-301F-11D3-BF4B-00C04F79EFBC}") = "ZimMarket.Domain.Tests", "tests\ZimMarket.Domain.Tests\ZimMarket.Domain.Tests.csproj", "{B5149044-ACF6-4BF9-8A3C-E5A8A5C083D2}"
EndProject
Project("{FAE04EC0-301F-11D3-BF4B-00C04F79EFBC}") = "ZimMarket.Application.Tests", "tests\ZimMarket.Application.Tests\ZimMarket.Application.Tests.csproj", "{EA3F1316-E1BA-45E0-AD35-B1A4B6BE27E3}"
EndProject
Project("{FAE04EC0-301F-11D3-BF4B-00C04F79EFBC}") = "ZimMarket.Integration.Tests", "tests\ZimMarket.Integration.Tests\ZimMarket.Integration.Tests.csproj", "{5D121767-9B93-4DFC-96C7-82AFDFC0C1AA}"
EndProject
Global
	GlobalSection(SolutionConfigurationPlatforms) = preSolution
		Debug|Any CPU = Debug|Any CPU
		Debug|x64 = Debug|x64
		Debug|x86 = Debug|x86
		Release|Any CPU = Release|Any CPU
		Release|x64 = Release|x64
		Release|x86 = Release|x86
	EndGlobalSection
	GlobalSection(ProjectConfigurationPlatforms) = postSolution
		{49E2EE4F-4016-48D5-B68F-51881B83834B}.Debug|Any CPU.ActiveCfg = Debug|Any CPU
		{49E2EE4F-4016-48D5-B68F-51881B83834B}.Debug|Any CPU.Build.0 = Debug|Any CPU
		{49E2EE4F-4016-48D5-B68F-51881B83834B}.Debug|x64.ActiveCfg = Debug|Any CPU
		{49E2EE4F-4016-48D5-B68F-51881B83834B}.Debug|x64.Build.0 = Debug|Any CPU
		{49E2EE4F-4016-48D5-B68F-51881B83834B}.Debug|x86.ActiveCfg = Debug|Any CPU
		{49E2EE4F-4016-48D5-B68F-51881B83834B}.Debug|x86.Build.0 = Debug|Any CPU
		{49E2EE4F-4016-48D5-B68F-51881B83834B}.Release|Any CPU.ActiveCfg = Release|Any CPU
		{49E2EE4F-4016-48D5-B68F-51881B83834B}.Release|Any CPU.Build.0 = Release|Any CPU
		{49E2EE4F-4016-48D5-B68F-51881B83834B}.Release|x64.ActiveCfg = Release|Any CPU
		{49E2EE4F-4016-48D5-B68F-51881B83834B}.Release|x64.Build.0 = Release|Any CPU
		{49E2EE4F-4016-48D5-B68F-51881B83834B}.Release|x86.ActiveCfg = Release|Any CPU
		{49E2EE4F-4016-48D5-B68F-51881B83834B}.Release|x86.Build.0 = Release|Any CPU
		{B15E3251-2549-4E9C-9B7A-54CED45176D0}.Debug|Any CPU.ActiveCfg = Debug|Any CPU
		{B15E3251-2549-4E9C-9B7A-54CED45176D0}.Debug|Any CPU.Build.0 = Debug|Any CPU
		{B15E3251-2549-4E9C-9B7A-54CED45176D0}.Debug|x64.ActiveCfg = Debug|Any CPU
		{B15E3251-2549-4E9C-9B7A-54CED45176D0}.Debug|x64.Build.0 = Debug|Any CPU
		{B15E3251-2549-4E9C-9B7A-54CED45176D0}.Debug|x86.ActiveCfg = Debug|Any CPU
		{B15E3251-2549-4E9C-9B7A-54CED45176D0}.Debug|x86.Build.0 = Debug|Any CPU
		{B15E3251-2549-4E9C-9B7A-54CED45176D0}.Release|Any CPU.ActiveCfg = Release|Any CPU
		{B15E3251-2549-4E9C-9B7A-54CED45176D0}.Release|Any CPU.Build.0 = Release|Any CPU
		{B15E3251-2549-4E9C-9B7A-54CED45176D0}.Release|x64.ActiveCfg = Release|Any CPU
		{B15E3251-2549-4E9C-9B7A-54CED45176D0}.Release|x64.Build.0 = Release|Any CPU
		{B15E3251-2549-4E9C-9B7A-54CED45176D0}.Release|x86.ActiveCfg = Release|Any CPU
		{B15E3251-2549-4E9C-9B7A-54CED45176D0}.Release|x86.Build.0 = Release|Any CPU
		{0A304543-ACDA-4111-8FDB-C85E1E7A2EC4}.Debug|Any CPU.ActiveCfg = Debug|Any CPU
		{0A304543-ACDA-4111-8FDB-C85E1E7A2EC4}.Debug|Any CPU.Build.0 = Debug|Any CPU
		{0A304543-ACDA-4111-8FDB-C85E1E7A2EC4}.Debug|x64.ActiveCfg = Debug|Any CPU
		{0A304543-ACDA-4111-8FDB-C85E1E7A2EC4}.Debug|x64.Build.0 = Debug|Any CPU
		{0A304543-ACDA-4111-8FDB-C85E1E7A2EC4}.Debug|x86.ActiveCfg = Debug|Any CPU
		{0A304543-ACDA-4111-8FDB-C85E1E7A2EC4}.Debug|x86.Build.0 = Debug|Any CPU
		{0A304543-ACDA-4111-8FDB-C85E1E7A2EC4}.Release|Any CPU.ActiveCfg = Release|Any CPU
		{0A304543-ACDA-4111-8FDB-C85E1E7A2EC4}.Release|Any CPU.Build.0 = Release|Any CPU
		{0A304543-ACDA-4111-8FDB-C85E1E7A2EC4}.Release|x64.ActiveCfg = Release|Any CPU
		{0A304543-ACDA-4111-8FDB-C85E1E7A2EC4}.Release|x64.Build.0 = Release|Any CPU
		{0A304543-ACDA-4111-8FDB-C85E1E7A2EC4}.Release|x86.ActiveCfg = Release|Any CPU
		{0A304543-ACDA-4111-8FDB-C85E1E7A2EC4}.Release|x86.Build.0 = Release|Any CPU
		{42EB9515-17E1-4526-A76D-F0978A597725}.Debug|Any CPU.ActiveCfg = Debug|Any CPU
		{42EB9515-17E1-4526-A76D-F0978A597725}.Debug|Any CPU.Build.0 = Debug|Any CPU
		{42EB9515-17E1-4526-A76D-F0978A597725}.Debug|x64.ActiveCfg = Debug|Any CPU
		{42EB9515-17E1-4526-A76D-F0978A597725}.Debug|x64.Build.0 = Debug|Any CPU
		{42EB9515-17E1-4526-A76D-F0978A597725}.Debug|x86.ActiveCfg = Debug|Any CPU
		{42EB9515-17E1-4526-A76D-F0978A597725}.Debug|x86.Build.0 = Debug|Any CPU
		{42EB9515-17E1-4526-A76D-F0978A597725}.Release|Any CPU.ActiveCfg = Release|Any CPU
		{42EB9515-17E1-4526-A76D-F0978A597725}.Release|Any CPU.Build.0 = Release|Any CPU
		{42EB9515-17E1-4526-A76D-F0978A597725}.Release|x64.ActiveCfg = Release|Any CPU
		{42EB9515-17E1-4526-A76D-F0978A597725}.Release|x64.Build.0 = Release|Any CPU
		{42EB9515-17E1-4526-A76D-F0978A597725}.Release|x86.ActiveCfg = Release|Any CPU
		{42EB9515-17E1-4526-A76D-F0978A597725}.Release|x86.Build.0 = Release|Any CPU
		{08A1CB0D-E4CF-4C6E-A968-468933634EBC}.Debug|Any CPU.ActiveCfg = Debug|Any CPU
		{08A1CB0D-E4CF-4C6E-A968-468933634EBC}.Debug|Any CPU.Build.0 = Debug|Any CPU
		{08A1CB0D-E4CF-4C6E-A968-468933634EBC}.Debug|x64.ActiveCfg = Debug|Any CPU
		{08A1CB0D-E4CF-4C6E-A968-468933634EBC}.Debug|x64.Build.0 = Debug|Any CPU
		{08A1CB0D-E4CF-4C6E-A968-468933634EBC}.Debug|x86.ActiveCfg = Debug|Any CPU
		{08A1CB0D-E4CF-4C6E-A968-468933634EBC}.Debug|x86.Build.0 = Debug|Any CPU
		{08A1CB0D-E4CF-4C6E-A968-468933634EBC}.Release|Any CPU.ActiveCfg = Release|Any CPU
		{08A1CB0D-E4CF-4C6E-A968-468933634EBC}.Release|Any CPU.Build.0 = Release|Any CPU
		{08A1CB0D-E4CF-4C6E-A968-468933634EBC}.Release|x64.ActiveCfg = Release|Any CPU
		{08A1CB0D-E4CF-4C6E-A968-468933634EBC}.Release|x64.Build.0 = Release|Any CPU
		{08A1CB0D-E4CF-4C6E-A968-468933634EBC}.Release|x86.ActiveCfg = Release|Any CPU
		{08A1CB0D-E4CF-4C6E-A968-468933634EBC}.Release|x86.Build.0 = Release|Any CPU
		{B5149044-ACF6-4BF9-8A3C-E5A8A5C083D2}.Debug|Any CPU.ActiveCfg = Debug|Any CPU
		{B5149044-ACF6-4BF9-8A3C-E5A8A5C083D2}.Debug|Any CPU.Build.0 = Debug|Any CPU
		{B5149044-ACF6-4BF9-8A3C-E5A8A5C083D2}.Debug|x64.ActiveCfg = Debug|Any CPU
		{B5149044-ACF6-4BF9-8A3C-E5A8A5C083D2}.Debug|x64.Build.0 = Debug|Any CPU
		{B5149044-ACF6-4BF9-8A3C-E5A8A5C083D2}.Debug|x86.ActiveCfg = Debug|Any CPU
		{B5149044-ACF6-4BF9-8A3C-E5A8A5C083D2}.Debug|x86.Build.0 = Debug|Any CPU
		{B5149044-ACF6-4BF9-8A3C-E5A8A5C083D2}.Release|Any CPU.ActiveCfg = Release|Any CPU
		{B5149044-ACF6-4BF9-8A3C-E5A8A5C083D2}.Release|Any CPU.Build.0 = Release|Any CPU
		{B5149044-ACF6-4BF9-8A3C-E5A8A5C083D2}.Release|x64.ActiveCfg = Release|Any CPU
		{B5149044-ACF6-4BF9-8A3C-E5A8A5C083D2}.Release|x64.Build.0 = Release|Any CPU
		{B5149044-ACF6-4BF9-8A3C-E5A8A5C083D2}.Release|x86.ActiveCfg = Release|Any CPU
		{B5149044-ACF6-4BF9-8A3C-E5A8A5C083D2}.Release|x86.Build.0 = Release|Any CPU
		{EA3F1316-E1BA-45E0-AD35-B1A4B6BE27E3}.Debug|Any CPU.ActiveCfg = Debug|Any CPU
		{EA3F1316-E1BA-45E0-AD35-B1A4B6BE27E3}.Debug|Any CPU.Build.0 = Debug|Any CPU
		{EA3F1316-E1BA-45E0-AD35-B1A4B6BE27E3}.Debug|x64.ActiveCfg = Debug|Any CPU
		{EA3F1316-E1BA-45E0-AD35-B1A4B6BE27E3}.Debug|x64.Build.0 = Debug|Any CPU
		{EA3F1316-E1BA-45E0-AD35-B1A4B6BE27E3}.Debug|x86.ActiveCfg = Debug|Any CPU
		{EA3F1316-E1BA-45E0-AD35-B1A4B6BE27E3}.Debug|x86.Build.0 = Debug|Any CPU
		{EA3F1316-E1BA-45E0-AD35-B1A4B6BE27E3}.Release|Any CPU.ActiveCfg = Release|Any CPU
		{EA3F1316-E1BA-45E0-AD35-B1A4B6BE27E3}.Release|Any CPU.Build.0 = Release|Any CPU
		{EA3F1316-E1BA-45E0-AD35-B1A4B6BE27E3}.Release|x64.ActiveCfg = Release|Any CPU
		{EA3F1316-E1BA-45E0-AD35-B1A4B6BE27E3}.Release|x64.Build.0 = Release|Any CPU
		{EA3F1316-E1BA-45E0-AD35-B1A4B6BE27E3}.Release|x86.ActiveCfg = Release|Any CPU
		{EA3F1316-E1BA-45E0-AD35-B1A4B6BE27E3}.Release|x86.Build.0 = Release|Any CPU
		{5D121767-9B93-4DFC-96C7-82AFDFC0C1AA}.Debug|Any CPU.ActiveCfg = Debug|Any CPU
		{5D121767-9B93-4DFC-96C7-82AFDFC0C1AA}.Debug|Any CPU.Build.0 = Debug|Any CPU
		{5D121767-9B93-4DFC-96C7-82AFDFC0C1AA}.Debug|x64.ActiveCfg = Debug|Any CPU
		{5D121767-9B93-4DFC-96C7-82AFDFC0C1AA}.Debug|x64.Build.0 = Debug|Any CPU
		{5D121767-9B93-4DFC-96C7-82AFDFC0C1AA}.Debug|x86.ActiveCfg = Debug|Any CPU
		{5D121767-9B93-4DFC-96C7-82AFDFC0C1AA}.Debug|x86.Build.0 = Debug|Any CPU
		{5D121767-9B93-4DFC-96C7-82AFDFC0C1AA}.Release|Any CPU.ActiveCfg = Release|Any CPU
		{5D121767-9B93-4DFC-96C7-82AFDFC0C1AA}.Release|Any CPU.Build.0 = Release|Any CPU
		{5D121767-9B93-4DFC-96C7-82AFDFC0C1AA}.Release|x64.ActiveCfg = Release|Any CPU
		{5D121767-9B93-4DFC-96C7-82AFDFC0C1AA}.Release|x64.Build.0 = Release|Any CPU
		{5D121767-9B93-4DFC-96C7-82AFDFC0C1AA}.Release|x86.ActiveCfg = Release|Any CPU
		{5D121767-9B93-4DFC-96C7-82AFDFC0C1AA}.Release|x86.Build.0 = Release|Any CPU
	EndGlobalSection
	GlobalSection(SolutionProperties) = preSolution
		HideSolutionNode = FALSE
	EndGlobalSection
	GlobalSection(NestedProjects) = preSolution
		{49E2EE4F-4016-48D5-B68F-51881B83834B} = {827E0CD3-B72D-47B6-A68D-7590B98EB39B}
		{B15E3251-2549-4E9C-9B7A-54CED45176D0} = {827E0CD3-B72D-47B6-A68D-7590B98EB39B}
		{0A304543-ACDA-4111-8FDB-C85E1E7A2EC4} = {827E0CD3-B72D-47B6-A68D-7590B98EB39B}
		{42EB9515-17E1-4526-A76D-F0978A597725} = {827E0CD3-B72D-47B6-A68D-7590B98EB39B}
		{08A1CB0D-E4CF-4C6E-A968-468933634EBC} = {827E0CD3-B72D-47B6-A68D-7590B98EB39B}
		{B5149044-ACF6-4BF9-8A3C-E5A8A5C083D2} = {0AB3BF05-4346-4AA6-1389-037BE0695223}
		{EA3F1316-E1BA-45E0-AD35-B1A4B6BE27E3} = {0AB3BF05-4346-4AA6-1389-037BE0695223}
		{5D121767-9B93-4DFC-96C7-82AFDFC0C1AA} = {0AB3BF05-4346-4AA6-1389-037BE0695223}
	EndGlobalSection
EndGlobal
